// !$*UTF8*$!
{
	archiveVersion = 1;
	classes = {
	};
	objectVersion = 55;
	objects = {

/* Begin PBXBuildFile section */
		3C51E5BE3FC492791E788BB6 /* Pods_RestaurantSearchTests.framework in Frameworks */ = {isa = PBXBuildFile; fileRef = 67CAC0944CBD557EC51CF250 /* Pods_RestaurantSearchTests.framework */; };
		7B4902E3C089E28C40545FA1 /* Pods_RestaurantSearch_RestaurantSearchUITests.framework in Frameworks */ = {isa = PBXBuildFile; fileRef = 84B57B69EBF3EB75813BFCA4 /* Pods_RestaurantSearch_RestaurantSearchUITests.framework */; };
		990D488B287439A100ED407F /* AppDelegate.swift in Sources */ = {isa = PBXBuildFile; fileRef = 990D488A287439A100ED407F /* AppDelegate.swift */; };
		990D488D287439A100ED407F /* SceneDelegate.swift in Sources */ = {isa = PBXBuildFile; fileRef = 990D488C287439A100ED407F /* SceneDelegate.swift */; };
		990D488F287439A100ED407F /* ListViewController.swift in Sources */ = {isa = PBXBuildFile; fileRef = 990D488E287439A100ED407F /* ListViewController.swift */; };
		990D4892287439A100ED407F /* Main.storyboard in Resources */ = {isa = PBXBuildFile; fileRef = 990D4890287439A100ED407F /* Main.storyboard */; };
		990D4894287439A300ED407F /* Assets.xcassets in Resources */ = {isa = PBXBuildFile; fileRef = 990D4893287439A300ED407F /* Assets.xcassets */; };
		990D4897287439A300ED407F /* LaunchScreen.storyboard in Resources */ = {isa = PBXBuildFile; fileRef = 990D4895287439A300ED407F /* LaunchScreen.storyboard */; };
		990D48A2287439A300ED407F /* RestaurantSearchTests.swift in Sources */ = {isa = PBXBuildFile; fileRef = 990D48A1287439A300ED407F /* RestaurantSearchTests.swift */; };
		990D48AC287439A300ED407F /* RestaurantSearchUITests.swift in Sources */ = {isa = PBXBuildFile; fileRef = 990D48AB287439A300ED407F /* RestaurantSearchUITests.swift */; };
		990D48AE287439A300ED407F /* RestaurantSearchUITestsLaunchTests.swift in Sources */ = {isa = PBXBuildFile; fileRef = 990D48AD287439A300ED407F /* RestaurantSearchUITestsLaunchTests.swift */; };
		990D48BE287453A800ED407F /* APIKey.swift in Sources */ = {isa = PBXBuildFile; fileRef = 990D48BD287453A800ED407F /* APIKey.swift */; };
		990D48C3287468D600ED407F /* RestaurantTableViewCell.swift in Sources */ = {isa = PBXBuildFile; fileRef = 990D48C1287468D600ED407F /* RestaurantTableViewCell.swift */; };
		990D48C4287468D600ED407F /* RestaurantTableViewCell.xib in Resources */ = {isa = PBXBuildFile; fileRef = 990D48C2287468D600ED407F /* RestaurantTableViewCell.xib */; };
		990D48C72874762000ED407F /* Moya.swift in Sources */ = {isa = PBXBuildFile; fileRef = 990D48C62874762000ED407F /* Moya.swift */; };
		D2CA8EC12E1D7CE2AAF90337 /* Pods_RestaurantSearch.framework in Frameworks */ = {isa = PBXBuildFile; fileRef = 2728434661EC948AE2A9FBB5 /* Pods_RestaurantSearch.framework */; };
/* End PBXBuildFile section */

/* Begin PBXContainerItemProxy section */
		990D489E287439A300ED407F /* PBXContainerItemProxy */ = {
			isa = PBXContainerItemProxy;
			containerPortal = 990D487F287439A000ED407F /* Project object */;
			proxyType = 1;
			remoteGlobalIDString = 990D4886287439A100ED407F;
			remoteInfo = RestaurantSearch;
		};
		990D48A8287439A300ED407F /* PBXContainerItemProxy */ = {
			isa = PBXContainerItemProxy;
			containerPortal = 990D487F287439A000ED407F /* Project object */;
			proxyType = 1;
			remoteGlobalIDString = 990D4886287439A100ED407F;
			remoteInfo = RestaurantSearch;
		};
/* End PBXContainerItemProxy section */

/* Begin PBXFileReference section */
		2728434661EC948AE2A9FBB5 /* Pods_RestaurantSearch.framework */ = {isa = PBXFileReference; explicitFileType = wrapper.framework; includeInIndex = 0; path = Pods_RestaurantSearch.framework; sourceTree = BUILT_PRODUCTS_DIR; };
		48DCDB4BCEDCBE0DF3A655C3 /* Pods-RestaurantSearchTests.debug.xcconfig */ = {isa = PBXFileReference; includeInIndex = 1; lastKnownFileType = text.xcconfig; name = "Pods-RestaurantSearchTests.debug.xcconfig"; path = "Target Support Files/Pods-RestaurantSearchTests/Pods-RestaurantSearchTests.debug.xcconfig"; sourceTree = "<group>"; };
		67CAC0944CBD557EC51CF250 /* Pods_RestaurantSearchTests.framework */ = {isa = PBXFileReference; explicitFileType = wrapper.framework; includeInIndex = 0; path = Pods_RestaurantSearchTests.framework; sourceTree = BUILT_PRODUCTS_DIR; };
		75D8BB587EFD92EBBD591340 /* Pods-RestaurantSearchTests.release.xcconfig */ = {isa = PBXFileReference; includeInIndex = 1; lastKnownFileType = text.xcconfig; name = "Pods-RestaurantSearchTests.release.xcconfig"; path = "Target Support Files/Pods-RestaurantSearchTests/Pods-RestaurantSearchTests.release.xcconfig"; sourceTree = "<group>"; };
		84B57B69EBF3EB75813BFCA4 /* Pods_RestaurantSearch_RestaurantSearchUITests.framework */ = {isa = PBXFileReference; explicitFileType = wrapper.framework; includeInIndex = 0; path = Pods_RestaurantSearch_RestaurantSearchUITests.framework; sourceTree = BUILT_PRODUCTS_DIR; };
		990D4887287439A100ED407F /* RestaurantSearch.app */ = {isa = PBXFileReference; explicitFileType = wrapper.application; includeInIndex = 0; path = RestaurantSearch.app; sourceTree = BUILT_PRODUCTS_DIR; };
		990D488A287439A100ED407F /* AppDelegate.swift */ = {isa = PBXFileReference; lastKnownFileType = sourcecode.swift; path = AppDelegate.swift; sourceTree = "<group>"; };
		990D488C287439A100ED407F /* SceneDelegate.swift */ = {isa = PBXFileReference; lastKnownFileType = sourcecode.swift; path = SceneDelegate.swift; sourceTree = "<group>"; };
		990D488E287439A100ED407F /* ListViewController.swift */ = {isa = PBXFileReference; lastKnownFileType = sourcecode.swift; path = ListViewController.swift; sourceTree = "<group>"; };
		990D4891287439A100ED407F /* Base */ = {isa = PBXFileReference; lastKnownFileType = file.storyboard; name = Base; path = Base.lproj/Main.storyboard; sourceTree = "<group>"; };
		990D4893287439A300ED407F /* Assets.xcassets */ = {isa = PBXFileReference; lastKnownFileType = folder.assetcatalog; path = Assets.xcassets; sourceTree = "<group>"; };
		990D4896287439A300ED407F /* Base */ = {isa = PBXFileReference; lastKnownFileType = file.storyboard; name = Base; path = Base.lproj/LaunchScreen.storyboard; sourceTree = "<group>"; };
		990D4898287439A300ED407F /* Info.plist */ = {isa = PBXFileReference; lastKnownFileType = text.plist.xml; path = Info.plist; sourceTree = "<group>"; };
		990D489D287439A300ED407F /* RestaurantSearchTests.xctest */ = {isa = PBXFileReference; explicitFileType = wrapper.cfbundle; includeInIndex = 0; path = RestaurantSearchTests.xctest; sourceTree = BUILT_PRODUCTS_DIR; };
		990D48A1287439A300ED407F /* RestaurantSearchTests.swift */ = {isa = PBXFileReference; lastKnownFileType = sourcecode.swift; path = RestaurantSearchTests.swift; sourceTree = "<group>"; };
		990D48A7287439A300ED407F /* RestaurantSearchUITests.xctest */ = {isa = PBXFileReference; explicitFileType = wrapper.cfbundle; includeInIndex = 0; path = RestaurantSearchUITests.xctest; sourceTree = BUILT_PRODUCTS_DIR; };
		990D48AB287439A300ED407F /* RestaurantSearchUITests.swift */ = {isa = PBXFileReference; lastKnownFileType = sourcecode.swift; path = RestaurantSearchUITests.swift; sourceTree = "<group>"; };
		990D48AD287439A300ED407F /* RestaurantSearchUITestsLaunchTests.swift */ = {isa = PBXFileReference; lastKnownFileType = sourcecode.swift; path = RestaurantSearchUITestsLaunchTests.swift; sourceTree = "<group>"; };
		990D48BD287453A800ED407F /* APIKey.swift */ = {isa = PBXFileReference; lastKnownFileType = sourcecode.swift; path = APIKey.swift; sourceTree = "<group>"; };
		990D48C1287468D600ED407F /* RestaurantTableViewCell.swift */ = {isa = PBXFileReference; lastKnownFileType = sourcecode.swift; path = RestaurantTableViewCell.swift; sourceTree = "<group>"; };
		990D48C2287468D600ED407F /* RestaurantTableViewCell.xib */ = {isa = PBXFileReference; lastKnownFileType = file.xib; path = RestaurantTableViewCell.xib; sourceTree = "<group>"; };
		990D48C62874762000ED407F /* Moya.swift */ = {isa = PBXFileReference; lastKnownFileType = sourcecode.swift; path = Moya.swift; sourceTree = "<group>"; };
		C141697E020931AD5233EB09 /* Pods-RestaurantSearch.release.xcconfig */ = {isa = PBXFileReference; includeInIndex = 1; lastKnownFileType = text.xcconfig; name = "Pods-RestaurantSearch.release.xcconfig"; path = "Target Support Files/Pods-RestaurantSearch/Pods-RestaurantSearch.release.xcconfig"; sourceTree = "<group>"; };
		D6E748F60EAC5FADD9660069 /* Pods-RestaurantSearch-RestaurantSearchUITests.release.xcconfig */ = {isa = PBXFileReference; includeInIndex = 1; lastKnownFileType = text.xcconfig; name = "Pods-RestaurantSearch-RestaurantSearchUITests.release.xcconfig"; path = "Target Support Files/Pods-RestaurantSearch-RestaurantSearchUITests/Pods-RestaurantSearch-RestaurantSearchUITests.release.xcconfig"; sourceTree = "<group>"; };
		DF70F0FAD748941CA1718DF0 /* Pods-RestaurantSearch.debug.xcconfig */ = {isa = PBXFileReference; includeInIndex = 1; lastKnownFileType = text.xcconfig; name = "Pods-RestaurantSearch.debug.xcconfig"; path = "Target Support Files/Pods-RestaurantSearch/Pods-RestaurantSearch.debug.xcconfig"; sourceTree = "<group>"; };
		FE06FB24A28401606ED17002 /* Pods-RestaurantSearch-RestaurantSearchUITests.debug.xcconfig */ = {isa = PBXFileReference; includeInIndex = 1; lastKnownFileType = text.xcconfig; name = "Pods-RestaurantSearch-RestaurantSearchUITests.debug.xcconfig"; path = "Target Support Files/Pods-RestaurantSearch-RestaurantSearchUITests/Pods-RestaurantSearch-RestaurantSearchUITests.debug.xcconfig"; sourceTree = "<group>"; };
/* End PBXFileReference section */

/* Begin PBXFrameworksBuildPhase section */
		990D4884287439A100ED407F /* Frameworks */ = {
			isa = PBXFrameworksBuildPhase;
			buildActionMask = 2147483647;
			files = (
				D2CA8EC12E1D7CE2AAF90337 /* Pods_RestaurantSearch.framework in Frameworks */,
			);
			runOnlyForDeploymentPostprocessing = 0;
		};
		990D489A287439A300ED407F /* Frameworks */ = {
			isa = PBXFrameworksBuildPhase;
			buildActionMask = 2147483647;
			files = (
				3C51E5BE3FC492791E788BB6 /* Pods_RestaurantSearchTests.framework in Frameworks */,
			);
			runOnlyForDeploymentPostprocessing = 0;
		};
		990D48A4287439A300ED407F /* Frameworks */ = {
			isa = PBXFrameworksBuildPhase;
			buildActionMask = 2147483647;
			files = (
				7B4902E3C089E28C40545FA1 /* Pods_RestaurantSearch_RestaurantSearchUITests.framework in Frameworks */,
			);
			runOnlyForDeploymentPostprocessing = 0;
		};
/* End PBXFrameworksBuildPhase section */

/* Begin PBXGroup section */
		8E5CA0DD7B6C1918C6B4D0A5 /* Pods */ = {
			isa = PBXGroup;
			children = (
				DF70F0FAD748941CA1718DF0 /* Pods-RestaurantSearch.debug.xcconfig */,
				C141697E020931AD5233EB09 /* Pods-RestaurantSearch.release.xcconfig */,
				FE06FB24A28401606ED17002 /* Pods-RestaurantSearch-RestaurantSearchUITests.debug.xcconfig */,
				D6E748F60EAC5FADD9660069 /* Pods-RestaurantSearch-RestaurantSearchUITests.release.xcconfig */,
				48DCDB4BCEDCBE0DF3A655C3 /* Pods-RestaurantSearchTests.debug.xcconfig */,
				75D8BB587EFD92EBBD591340 /* Pods-RestaurantSearchTests.release.xcconfig */,
			);
			path = Pods;
			sourceTree = "<group>";
		};
		990D487E287439A000ED407F = {
			isa = PBXGroup;
			children = (
				990D4889287439A100ED407F /* RestaurantSearch */,
				990D48A0287439A300ED407F /* RestaurantSearchTests */,
				990D48AA287439A300ED407F /* RestaurantSearchUITests */,
				990D4888287439A100ED407F /* Products */,
				8E5CA0DD7B6C1918C6B4D0A5 /* Pods */,
				FC9564BE071B8882F956652B /* Frameworks */,
			);
			sourceTree = "<group>";
		};
		990D4888287439A100ED407F /* Products */ = {
			isa = PBXGroup;
			children = (
				990D4887287439A100ED407F /* RestaurantSearch.app */,
				990D489D287439A300ED407F /* RestaurantSearchTests.xctest */,
				990D48A7287439A300ED407F /* RestaurantSearchUITests.xctest */,
			);
			name = Products;
			sourceTree = "<group>";
		};
		990D4889287439A100ED407F /* RestaurantSearch */ = {
			isa = PBXGroup;
			children = (
				990D48C5287469AF00ED407F /* View */,
				990D48BF28745D2900ED407F /* Model */,
				990D488A287439A100ED407F /* AppDelegate.swift */,
				990D488C287439A100ED407F /* SceneDelegate.swift */,
				990D488E287439A100ED407F /* ListViewController.swift */,
				990D4890287439A100ED407F /* Main.storyboard */,
				990D4893287439A300ED407F /* Assets.xcassets */,
				990D4895287439A300ED407F /* LaunchScreen.storyboard */,
				990D4898287439A300ED407F /* Info.plist */,
				990D48BD287453A800ED407F /* APIKey.swift */,
			);
			path = RestaurantSearch;
			sourceTree = "<group>";
		};
		990D48A0287439A300ED407F /* RestaurantSearchTests */ = {
			isa = PBXGroup;
			children = (
				990D48A1287439A300ED407F /* RestaurantSearchTests.swift */,
			);
			path = RestaurantSearchTests;
			sourceTree = "<group>";
		};
		990D48AA287439A300ED407F /* RestaurantSearchUITests */ = {
			isa = PBXGroup;
			children = (
				990D48AB287439A300ED407F /* RestaurantSearchUITests.swift */,
				990D48AD287439A300ED407F /* RestaurantSearchUITestsLaunchTests.swift */,
			);
			path = RestaurantSearchUITests;
			sourceTree = "<group>";
		};
		990D48BF28745D2900ED407F /* Model */ = {
			isa = PBXGroup;
			children = (
				990D48C028745D4500ED407F /* API */,
			);
			path = Model;
			sourceTree = "<group>";
		};
		990D48C028745D4500ED407F /* API */ = {
			isa = PBXGroup;
			children = (
				990D48C62874762000ED407F /* Moya.swift */,
			);
			path = API;
			sourceTree = "<group>";
		};
		990D48C5287469AF00ED407F /* View */ = {
			isa = PBXGroup;
			children = (
				990D48C1287468D600ED407F /* RestaurantTableViewCell.swift */,
				990D48C2287468D600ED407F /* RestaurantTableViewCell.xib */,
			);
			path = View;
			sourceTree = "<group>";
		};
		FC9564BE071B8882F956652B /* Frameworks */ = {
			isa = PBXGroup;
			children = (
				2728434661EC948AE2A9FBB5 /* Pods_RestaurantSearch.framework */,
				84B57B69EBF3EB75813BFCA4 /* Pods_RestaurantSearch_RestaurantSearchUITests.framework */,
				67CAC0944CBD557EC51CF250 /* Pods_RestaurantSearchTests.framework */,
			);
			name = Frameworks;
			sourceTree = "<group>";
		};
/* End PBXGroup section */

/* Begin PBXNativeTarget section */
		990D4886287439A100ED407F /* RestaurantSearch */ = {
			isa = PBXNativeTarget;
			buildConfigurationList = 990D48B1287439A300ED407F /* Build configuration list for PBXNativeTarget "RestaurantSearch" */;
			buildPhases = (
				E28E36C51DEBEF97C87B1D11 /* [CP] Check Pods Manifest.lock */,
				990D4883287439A100ED407F /* Sources */,
				990D4884287439A100ED407F /* Frameworks */,
				990D4885287439A100ED407F /* Resources */,
				990D48BA28743BA900ED407F /* Run SwiftLint */,
				EB7153329492C780295565DF /* [CP] Embed Pods Frameworks */,
			);
			buildRules = (
			);
			dependencies = (
			);
			name = RestaurantSearch;
			productName = RestaurantSearch;
			productReference = 990D4887287439A100ED407F /* RestaurantSearch.app */;
			productType = "com.apple.product-type.application";
		};
		990D489C287439A300ED407F /* RestaurantSearchTests */ = {
			isa = PBXNativeTarget;
			buildConfigurationList = 990D48B4287439A300ED407F /* Build configuration list for PBXNativeTarget "RestaurantSearchTests" */;
			buildPhases = (
				7DC798327A27449D55FDB7F2 /* [CP] Check Pods Manifest.lock */,
				990D4899287439A300ED407F /* Sources */,
				990D489A287439A300ED407F /* Frameworks */,
				990D489B287439A300ED407F /* Resources */,
			);
			buildRules = (
			);
			dependencies = (
				990D489F287439A300ED407F /* PBXTargetDependency */,
			);
			name = RestaurantSearchTests;
			productName = RestaurantSearchTests;
			productReference = 990D489D287439A300ED407F /* RestaurantSearchTests.xctest */;
			productType = "com.apple.product-type.bundle.unit-test";
		};
		990D48A6287439A300ED407F /* RestaurantSearchUITests */ = {
			isa = PBXNativeTarget;
			buildConfigurationList = 990D48B7287439A300ED407F /* Build configuration list for PBXNativeTarget "RestaurantSearchUITests" */;
			buildPhases = (
				5A3C39CDECF9D493B020A36B /* [CP] Check Pods Manifest.lock */,
				990D48A3287439A300ED407F /* Sources */,
				990D48A4287439A300ED407F /* Frameworks */,
				990D48A5287439A300ED407F /* Resources */,
				5E4A26541B153A51A80FD143 /* [CP] Embed Pods Frameworks */,
			);
			buildRules = (
			);
			dependencies = (
				990D48A9287439A300ED407F /* PBXTargetDependency */,
			);
			name = RestaurantSearchUITests;
			productName = RestaurantSearchUITests;
			productReference = 990D48A7287439A300ED407F /* RestaurantSearchUITests.xctest */;
			productType = "com.apple.product-type.bundle.ui-testing";
		};
/* End PBXNativeTarget section */

/* Begin PBXProject section */
		990D487F287439A000ED407F /* Project object */ = {
			isa = PBXProject;
			attributes = {
				BuildIndependentTargetsInParallel = 1;
				LastSwiftUpdateCheck = 1340;
				LastUpgradeCheck = 1340;
				TargetAttributes = {
					990D4886287439A100ED407F = {
						CreatedOnToolsVersion = 13.4.1;
					};
					990D489C287439A300ED407F = {
						CreatedOnToolsVersion = 13.4.1;
						TestTargetID = 990D4886287439A100ED407F;
					};
					990D48A6287439A300ED407F = {
						CreatedOnToolsVersion = 13.4.1;
						TestTargetID = 990D4886287439A100ED407F;
					};
				};
			};
			buildConfigurationList = 990D4882287439A000ED407F /* Build configuration list for PBXProject "RestaurantSearch" */;
			compatibilityVersion = "Xcode 13.0";
			developmentRegion = en;
			hasScannedForEncodings = 0;
			knownRegions = (
				en,
				Base,
			);
			mainGroup = 990D487E287439A000ED407F;
			productRefGroup = 990D4888287439A100ED407F /* Products */;
			projectDirPath = "";
			projectRoot = "";
			targets = (
				990D4886287439A100ED407F /* RestaurantSearch */,
				990D489C287439A300ED407F /* RestaurantSearchTests */,
				990D48A6287439A300ED407F /* RestaurantSearchUITests */,
			);
		};
/* End PBXProject section */

/* Begin PBXResourcesBuildPhase section */
		990D4885287439A100ED407F /* Resources */ = {
			isa = PBXResourcesBuildPhase;
			buildActionMask = 2147483647;
			files = (
				990D48C4287468D600ED407F /* RestaurantTableViewCell.xib in Resources */,
				990D4897287439A300ED407F /* LaunchScreen.storyboard in Resources */,
				990D4894287439A300ED407F /* Assets.xcassets in Resources */,
				990D4892287439A100ED407F /* Main.storyboard in Resources */,
			);
			runOnlyForDeploymentPostprocessing = 0;
		};
		990D489B287439A300ED407F /* Resources */ = {
			isa = PBXResourcesBuildPhase;
			buildActionMask = 2147483647;
			files = (
			);
			runOnlyForDeploymentPostprocessing = 0;
		};
		990D48A5287439A300ED407F /* Resources */ = {
			isa = PBXResourcesBuildPhase;
			buildActionMask = 2147483647;
			files = (
			);
			runOnlyForDeploymentPostprocessing = 0;
		};
/* End PBXResourcesBuildPhase section */

/* Begin PBXShellScriptBuildPhase section */
		5A3C39CDECF9D493B020A36B /* [CP] Check Pods Manifest.lock */ = {
			isa = PBXShellScriptBuildPhase;
			buildActionMask = 2147483647;
			files = (
			);
			inputFileListPaths = (
			);
			inputPaths = (
				"${PODS_PODFILE_DIR_PATH}/Podfile.lock",
				"${PODS_ROOT}/Manifest.lock",
			);
			name = "[CP] Check Pods Manifest.lock";
			outputFileListPaths = (
			);
			outputPaths = (
				"$(DERIVED_FILE_DIR)/Pods-RestaurantSearch-RestaurantSearchUITests-checkManifestLockResult.txt",
			);
			runOnlyForDeploymentPostprocessing = 0;
			shellPath = /bin/sh;
			shellScript = "diff \"${PODS_PODFILE_DIR_PATH}/Podfile.lock\" \"${PODS_ROOT}/Manifest.lock\" > /dev/null\nif [ $? != 0 ] ; then\n    # print error to STDERR\n    echo \"error: The sandbox is not in sync with the Podfile.lock. Run 'pod install' or update your CocoaPods installation.\" >&2\n    exit 1\nfi\n# This output is used by Xcode 'outputs' to avoid re-running this script phase.\necho \"SUCCESS\" > \"${SCRIPT_OUTPUT_FILE_0}\"\n";
			showEnvVarsInLog = 0;
		};
		5E4A26541B153A51A80FD143 /* [CP] Embed Pods Frameworks */ = {
			isa = PBXShellScriptBuildPhase;
			buildActionMask = 2147483647;
			files = (
			);
			inputFileListPaths = (
				"${PODS_ROOT}/Target Support Files/Pods-RestaurantSearch-RestaurantSearchUITests/Pods-RestaurantSearch-RestaurantSearchUITests-frameworks-${CONFIGURATION}-input-files.xcfilelist",
			);
			name = "[CP] Embed Pods Frameworks";
			outputFileListPaths = (
				"${PODS_ROOT}/Target Support Files/Pods-RestaurantSearch-RestaurantSearchUITests/Pods-RestaurantSearch-RestaurantSearchUITests-frameworks-${CONFIGURATION}-output-files.xcfilelist",
			);
			runOnlyForDeploymentPostprocessing = 0;
			shellPath = /bin/sh;
			shellScript = "\"${PODS_ROOT}/Target Support Files/Pods-RestaurantSearch-RestaurantSearchUITests/Pods-RestaurantSearch-RestaurantSearchUITests-frameworks.sh\"\n";
			showEnvVarsInLog = 0;
		};
		7DC798327A27449D55FDB7F2 /* [CP] Check Pods Manifest.lock */ = {
			isa = PBXShellScriptBuildPhase;
			buildActionMask = 2147483647;
			files = (
			);
			inputFileListPaths = (
			);
			inputPaths = (
				"${PODS_PODFILE_DIR_PATH}/Podfile.lock",
				"${PODS_ROOT}/Manifest.lock",
			);
			name = "[CP] Check Pods Manifest.lock";
			outputFileListPaths = (
			);
			outputPaths = (
				"$(DERIVED_FILE_DIR)/Pods-RestaurantSearchTests-checkManifestLockResult.txt",
			);
			runOnlyForDeploymentPostprocessing = 0;
			shellPath = /bin/sh;
			shellScript = "diff \"${PODS_PODFILE_DIR_PATH}/Podfile.lock\" \"${PODS_ROOT}/Manifest.lock\" > /dev/null\nif [ $? != 0 ] ; then\n    # print error to STDERR\n    echo \"error: The sandbox is not in sync with the Podfile.lock. Run 'pod install' or update your CocoaPods installation.\" >&2\n    exit 1\nfi\n# This output is used by Xcode 'outputs' to avoid re-running this script phase.\necho \"SUCCESS\" > \"${SCRIPT_OUTPUT_FILE_0}\"\n";
			showEnvVarsInLog = 0;
		};
		990D48BA28743BA900ED407F /* Run SwiftLint */ = {
			isa = PBXShellScriptBuildPhase;
			buildActionMask = 2147483647;
			files = (
			);
			inputFileListPaths = (
			);
			inputPaths = (
			);
			name = "Run SwiftLint";
			outputFileListPaths = (
			);
			outputPaths = (
			);
			runOnlyForDeploymentPostprocessing = 0;
			shellPath = /bin/sh;
			shellScript = "if which swiftlint >/dev/null; then\n  swiftlint autocorrect --format # 自動修正の有効化\n  swiftlint\nelse\n  echo \"SwiftLint does not exist, download from https://github.com/realm/SwiftLint\"\nfi\n";
		};
		E28E36C51DEBEF97C87B1D11 /* [CP] Check Pods Manifest.lock */ = {
			isa = PBXShellScriptBuildPhase;
			buildActionMask = 2147483647;
			files = (
			);
			inputFileListPaths = (
			);
			inputPaths = (
				"${PODS_PODFILE_DIR_PATH}/Podfile.lock",
				"${PODS_ROOT}/Manifest.lock",
			);
			name = "[CP] Check Pods Manifest.lock";
			outputFileListPaths = (
			);
			outputPaths = (
				"$(DERIVED_FILE_DIR)/Pods-RestaurantSearch-checkManifestLockResult.txt",
			);
			runOnlyForDeploymentPostprocessing = 0;
			shellPath = /bin/sh;
			shellScript = "diff \"${PODS_PODFILE_DIR_PATH}/Podfile.lock\" \"${PODS_ROOT}/Manifest.lock\" > /dev/null\nif [ $? != 0 ] ; then\n    # print error to STDERR\n    echo \"error: The sandbox is not in sync with the Podfile.lock. Run 'pod install' or update your CocoaPods installation.\" >&2\n    exit 1\nfi\n# This output is used by Xcode 'outputs' to avoid re-running this script phase.\necho \"SUCCESS\" > \"${SCRIPT_OUTPUT_FILE_0}\"\n";
			showEnvVarsInLog = 0;
		};
		EB7153329492C780295565DF /* [CP] Embed Pods Frameworks */ = {
			isa = PBXShellScriptBuildPhase;
			buildActionMask = 2147483647;
			files = (
			);
			inputFileListPaths = (
				"${PODS_ROOT}/Target Support Files/Pods-RestaurantSearch/Pods-RestaurantSearch-frameworks-${CONFIGURATION}-input-files.xcfilelist",
			);
			name = "[CP] Embed Pods Frameworks";
			outputFileListPaths = (
				"${PODS_ROOT}/Target Support Files/Pods-RestaurantSearch/Pods-RestaurantSearch-frameworks-${CONFIGURATION}-output-files.xcfilelist",
			);
			runOnlyForDeploymentPostprocessing = 0;
			shellPath = /bin/sh;
			shellScript = "\"${PODS_ROOT}/Target Support Files/Pods-RestaurantSearch/Pods-RestaurantSearch-frameworks.sh\"\n";
			showEnvVarsInLog = 0;
		};
/* End PBXShellScriptBuildPhase section */

/* Begin PBXSourcesBuildPhase section */
		990D4883287439A100ED407F /* Sources */ = {
			isa = PBXSourcesBuildPhase;
			buildActionMask = 2147483647;
			files = (
				990D48C3287468D600ED407F /* RestaurantTableViewCell.swift in Sources */,
				990D488F287439A100ED407F /* ListViewController.swift in Sources */,
				990D488B287439A100ED407F /* AppDelegate.swift in Sources */,
				990D48BE287453A800ED407F /* APIKey.swift in Sources */,
				990D48C72874762000ED407F /* Moya.swift in Sources */,
				990D488D287439A100ED407F /* SceneDelegate.swift in Sources */,
			);
			runOnlyForDeploymentPostprocessing = 0;
		};
		990D4899287439A300ED407F /* Sources */ = {
			isa = PBXSourcesBuildPhase;
			buildActionMask = 2147483647;
			files = (
				990D48A2287439A300ED407F /* RestaurantSearchTests.swift in Sources */,
			);
			runOnlyForDeploymentPostprocessing = 0;
		};
		990D48A3287439A300ED407F /* Sources */ = {
			isa = PBXSourcesBuildPhase;
			buildActionMask = 2147483647;
			files = (
				990D48AC287439A300ED407F /* RestaurantSearchUITests.swift in Sources */,
				990D48AE287439A300ED407F /* RestaurantSearchUITestsLaunchTests.swift in Sources */,
			);
			runOnlyForDeploymentPostprocessing = 0;
		};
/* End PBXSourcesBuildPhase section */

/* Begin PBXTargetDependency section */
		990D489F287439A300ED407F /* PBXTargetDependency */ = {
			isa = PBXTargetDependency;
			target = 990D4886287439A100ED407F /* RestaurantSearch */;
			targetProxy = 990D489E287439A300ED407F /* PBXContainerItemProxy */;
		};
		990D48A9287439A300ED407F /* PBXTargetDependency */ = {
			isa = PBXTargetDependency;
			target = 990D4886287439A100ED407F /* RestaurantSearch */;
			targetProxy = 990D48A8287439A300ED407F /* PBXContainerItemProxy */;
		};
/* End PBXTargetDependency section */

/* Begin PBXVariantGroup section */
		990D4890287439A100ED407F /* Main.storyboard */ = {
			isa = PBXVariantGroup;
			children = (
				990D4891287439A100ED407F /* Base */,
			);
			name = Main.storyboard;
			sourceTree = "<group>";
		};
		990D4895287439A300ED407F /* LaunchScreen.storyboard */ = {
			isa = PBXVariantGroup;
			children = (
				990D4896287439A300ED407F /* Base */,
			);
			name = LaunchScreen.storyboard;
			sourceTree = "<group>";
		};
/* End PBXVariantGroup section */

/* Begin XCBuildConfiguration section */
		990D48AF287439A300ED407F /* Debug */ = {
			isa = XCBuildConfiguration;
			buildSettings = {
				ALWAYS_SEARCH_USER_PATHS = NO;
				CLANG_ANALYZER_NONNULL = YES;
				CLANG_ANALYZER_NUMBER_OBJECT_CONVERSION = YES_AGGRESSIVE;
				CLANG_CXX_LANGUAGE_STANDARD = "gnu++17";
				CLANG_ENABLE_MODULES = YES;
				CLANG_ENABLE_OBJC_ARC = YES;
				CLANG_ENABLE_OBJC_WEAK = YES;
				CLANG_WARN_BLOCK_CAPTURE_AUTORELEASING = YES;
				CLANG_WARN_BOOL_CONVERSION = YES;
				CLANG_WARN_COMMA = YES;
				CLANG_WARN_CONSTANT_CONVERSION = YES;
				CLANG_WARN_DEPRECATED_OBJC_IMPLEMENTATIONS = YES;
				CLANG_WARN_DIRECT_OBJC_ISA_USAGE = YES_ERROR;
				CLANG_WARN_DOCUMENTATION_COMMENTS = YES;
				CLANG_WARN_EMPTY_BODY = YES;
				CLANG_WARN_ENUM_CONVERSION = YES;
				CLANG_WARN_INFINITE_RECURSION = YES;
				CLANG_WARN_INT_CONVERSION = YES;
				CLANG_WARN_NON_LITERAL_NULL_CONVERSION = YES;
				CLANG_WARN_OBJC_IMPLICIT_RETAIN_SELF = YES;
				CLANG_WARN_OBJC_LITERAL_CONVERSION = YES;
				CLANG_WARN_OBJC_ROOT_CLASS = YES_ERROR;
				CLANG_WARN_QUOTED_INCLUDE_IN_FRAMEWORK_HEADER = YES;
				CLANG_WARN_RANGE_LOOP_ANALYSIS = YES;
				CLANG_WARN_STRICT_PROTOTYPES = YES;
				CLANG_WARN_SUSPICIOUS_MOVE = YES;
				CLANG_WARN_UNGUARDED_AVAILABILITY = YES_AGGRESSIVE;
				CLANG_WARN_UNREACHABLE_CODE = YES;
				CLANG_WARN__DUPLICATE_METHOD_MATCH = YES;
				COPY_PHASE_STRIP = NO;
				DEBUG_INFORMATION_FORMAT = dwarf;
				ENABLE_STRICT_OBJC_MSGSEND = YES;
				ENABLE_TESTABILITY = YES;
				GCC_C_LANGUAGE_STANDARD = gnu11;
				GCC_DYNAMIC_NO_PIC = NO;
				GCC_NO_COMMON_BLOCKS = YES;
				GCC_OPTIMIZATION_LEVEL = 0;
				GCC_PREPROCESSOR_DEFINITIONS = (
					"DEBUG=1",
					"$(inherited)",
				);
				GCC_WARN_64_TO_32_BIT_CONVERSION = YES;
				GCC_WARN_ABOUT_RETURN_TYPE = YES_ERROR;
				GCC_WARN_UNDECLARED_SELECTOR = YES;
				GCC_WARN_UNINITIALIZED_AUTOS = YES_AGGRESSIVE;
				GCC_WARN_UNUSED_FUNCTION = YES;
				GCC_WARN_UNUSED_VARIABLE = YES;
				IPHONEOS_DEPLOYMENT_TARGET = 15.5;
				MTL_ENABLE_DEBUG_INFO = INCLUDE_SOURCE;
				MTL_FAST_MATH = YES;
				ONLY_ACTIVE_ARCH = YES;
				SDKROOT = iphoneos;
				SWIFT_ACTIVE_COMPILATION_CONDITIONS = DEBUG;
				SWIFT_OPTIMIZATION_LEVEL = "-Onone";
			};
			name = Debug;
		};
		990D48B0287439A300ED407F /* Release */ = {
			isa = XCBuildConfiguration;
			buildSettings = {
				ALWAYS_SEARCH_USER_PATHS = NO;
				CLANG_ANALYZER_NONNULL = YES;
				CLANG_ANALYZER_NUMBER_OBJECT_CONVERSION = YES_AGGRESSIVE;
				CLANG_CXX_LANGUAGE_STANDARD = "gnu++17";
				CLANG_ENABLE_MODULES = YES;
				CLANG_ENABLE_OBJC_ARC = YES;
				CLANG_ENABLE_OBJC_WEAK = YES;
				CLANG_WARN_BLOCK_CAPTURE_AUTORELEASING = YES;
				CLANG_WARN_BOOL_CONVERSION = YES;
				CLANG_WARN_COMMA = YES;
				CLANG_WARN_CONSTANT_CONVERSION = YES;
				CLANG_WARN_DEPRECATED_OBJC_IMPLEMENTATIONS = YES;
				CLANG_WARN_DIRECT_OBJC_ISA_USAGE = YES_ERROR;
				CLANG_WARN_DOCUMENTATION_COMMENTS = YES;
				CLANG_WARN_EMPTY_BODY = YES;
				CLANG_WARN_ENUM_CONVERSION = YES;
				CLANG_WARN_INFINITE_RECURSION = YES;
				CLANG_WARN_INT_CONVERSION = YES;
				CLANG_WARN_NON_LITERAL_NULL_CONVERSION = YES;
				CLANG_WARN_OBJC_IMPLICIT_RETAIN_SELF = YES;
				CLANG_WARN_OBJC_LITERAL_CONVERSION = YES;
				CLANG_WARN_OBJC_ROOT_CLASS = YES_ERROR;
				CLANG_WARN_QUOTED_INCLUDE_IN_FRAMEWORK_HEADER = YES;
				CLANG_WARN_RANGE_LOOP_ANALYSIS = YES;
				CLANG_WARN_STRICT_PROTOTYPES = YES;
				CLANG_WARN_SUSPICIOUS_MOVE = YES;
				CLANG_WARN_UNGUARDED_AVAILABILITY = YES_AGGRESSIVE;
				CLANG_WARN_UNREACHABLE_CODE = YES;
				CLANG_WARN__DUPLICATE_METHOD_MATCH = YES;
				COPY_PHASE_STRIP = NO;
				DEBUG_INFORMATION_FORMAT = "dwarf-with-dsym";
				ENABLE_NS_ASSERTIONS = NO;
				ENABLE_STRICT_OBJC_MSGSEND = YES;
				GCC_C_LANGUAGE_STANDARD = gnu11;
				GCC_NO_COMMON_BLOCKS = YES;
				GCC_WARN_64_TO_32_BIT_CONVERSION = YES;
				GCC_WARN_ABOUT_RETURN_TYPE = YES_ERROR;
				GCC_WARN_UNDECLARED_SELECTOR = YES;
				GCC_WARN_UNINITIALIZED_AUTOS = YES_AGGRESSIVE;
				GCC_WARN_UNUSED_FUNCTION = YES;
				GCC_WARN_UNUSED_VARIABLE = YES;
				IPHONEOS_DEPLOYMENT_TARGET = 15.5;
				MTL_ENABLE_DEBUG_INFO = NO;
				MTL_FAST_MATH = YES;
				SDKROOT = iphoneos;
				SWIFT_COMPILATION_MODE = wholemodule;
				SWIFT_OPTIMIZATION_LEVEL = "-O";
				VALIDATE_PRODUCT = YES;
			};
			name = Release;
		};
		990D48B2287439A300ED407F /* Debug */ = {
			isa = XCBuildConfiguration;
			baseConfigurationReference = DF70F0FAD748941CA1718DF0 /* Pods-RestaurantSearch.debug.xcconfig */;
			buildSettings = {
				ASSETCATALOG_COMPILER_APPICON_NAME = AppIcon;
				ASSETCATALOG_COMPILER_GLOBAL_ACCENT_COLOR_NAME = AccentColor;
				CODE_SIGN_STYLE = Automatic;
				CURRENT_PROJECT_VERSION = 1;
				DEVELOPMENT_TEAM = 4KX39VZ9JG;
				GENERATE_INFOPLIST_FILE = YES;
				INFOPLIST_FILE = RestaurantSearch/Info.plist;
				INFOPLIST_KEY_UIApplicationSupportsIndirectInputEvents = YES;
				INFOPLIST_KEY_UILaunchStoryboardName = LaunchScreen;
				INFOPLIST_KEY_UIMainStoryboardFile = Main;
				INFOPLIST_KEY_UISupportedInterfaceOrientations_iPad = "UIInterfaceOrientationPortrait UIInterfaceOrientationPortraitUpsideDown UIInterfaceOrientationLandscapeLeft UIInterfaceOrientationLandscapeRight";
				INFOPLIST_KEY_UISupportedInterfaceOrientations_iPhone = "UIInterfaceOrientationPortrait UIInterfaceOrientationLandscapeLeft UIInterfaceOrientationLandscapeRight";
				LD_RUNPATH_SEARCH_PATHS = (
					"$(inherited)",
					"@executable_path/Frameworks",
				);
				MARKETING_VERSION = 1.0;
				PRODUCT_BUNDLE_IDENTIFIER = com.ToshikiYanagimoto.RestaurantSearch;
				PRODUCT_NAME = "$(TARGET_NAME)";
				SWIFT_EMIT_LOC_STRINGS = YES;
				SWIFT_VERSION = 5.0;
				TARGETED_DEVICE_FAMILY = "1,2";
			};
			name = Debug;
		};
		990D48B3287439A300ED407F /* Release */ = {
			isa = XCBuildConfiguration;
			baseConfigurationReference = C141697E020931AD5233EB09 /* Pods-RestaurantSearch.release.xcconfig */;
			buildSettings = {
				ASSETCATALOG_COMPILER_APPICON_NAME = AppIcon;
				ASSETCATALOG_COMPILER_GLOBAL_ACCENT_COLOR_NAME = AccentColor;
				CODE_SIGN_STYLE = Automatic;
				CURRENT_PROJECT_VERSION = 1;
				DEVELOPMENT_TEAM = 4KX39VZ9JG;
				GENERATE_INFOPLIST_FILE = YES;
				INFOPLIST_FILE = RestaurantSearch/Info.plist;
				INFOPLIST_KEY_UIApplicationSupportsIndirectInputEvents = YES;
				INFOPLIST_KEY_UILaunchStoryboardName = LaunchScreen;
				INFOPLIST_KEY_UIMainStoryboardFile = Main;
				INFOPLIST_KEY_UISupportedInterfaceOrientations_iPad = "UIInterfaceOrientationPortrait UIInterfaceOrientationPortraitUpsideDown UIInterfaceOrientationLandscapeLeft UIInterfaceOrientationLandscapeRight";
				INFOPLIST_KEY_UISupportedInterfaceOrientations_iPhone = "UIInterfaceOrientationPortrait UIInterfaceOrientationLandscapeLeft UIInterfaceOrientationLandscapeRight";
				LD_RUNPATH_SEARCH_PATHS = (
					"$(inherited)",
					"@executable_path/Frameworks",
				);
				MARKETING_VERSION = 1.0;
				PRODUCT_BUNDLE_IDENTIFIER = com.ToshikiYanagimoto.RestaurantSearch;
				PRODUCT_NAME = "$(TARGET_NAME)";
				SWIFT_EMIT_LOC_STRINGS = YES;
				SWIFT_VERSION = 5.0;
				TARGETED_DEVICE_FAMILY = "1,2";
			};
			name = Release;
		};
		990D48B5287439A300ED407F /* Debug */ = {
			isa = XCBuildConfiguration;
			baseConfigurationReference = 48DCDB4BCEDCBE0DF3A655C3 /* Pods-RestaurantSearchTests.debug.xcconfig */;
			buildSettings = {
				ALWAYS_EMBED_SWIFT_STANDARD_LIBRARIES = YES;
				BUNDLE_LOADER = "$(TEST_HOST)";
				CODE_SIGN_STYLE = Automatic;
				CURRENT_PROJECT_VERSION = 1;
				DEVELOPMENT_TEAM = 4KX39VZ9JG;
				GENERATE_INFOPLIST_FILE = YES;
				IPHONEOS_DEPLOYMENT_TARGET = 15.5;
				MARKETING_VERSION = 1.0;
				PRODUCT_BUNDLE_IDENTIFIER = "Toshiki-Yanagimoto.RestaurantSearchTests";
				PRODUCT_NAME = "$(TARGET_NAME)";
				SWIFT_EMIT_LOC_STRINGS = NO;
				SWIFT_VERSION = 5.0;
				TARGETED_DEVICE_FAMILY = "1,2";
				TEST_HOST = "$(BUILT_PRODUCTS_DIR)/RestaurantSearch.app/RestaurantSearch";
			};
			name = Debug;
		};
		990D48B6287439A300ED407F /* Release */ = {
			isa = XCBuildConfiguration;
			baseConfigurationReference = 75D8BB587EFD92EBBD591340 /* Pods-RestaurantSearchTests.release.xcconfig */;
			buildSettings = {
				ALWAYS_EMBED_SWIFT_STANDARD_LIBRARIES = YES;
				BUNDLE_LOADER = "$(TEST_HOST)";
				CODE_SIGN_STYLE = Automatic;
				CURRENT_PROJECT_VERSION = 1;
				DEVELOPMENT_TEAM = 4KX39VZ9JG;
				GENERATE_INFOPLIST_FILE = YES;
				IPHONEOS_DEPLOYMENT_TARGET = 15.5;
				MARKETING_VERSION = 1.0;
				PRODUCT_BUNDLE_IDENTIFIER = "Toshiki-Yanagimoto.RestaurantSearchTests";
				PRODUCT_NAME = "$(TARGET_NAME)";
				SWIFT_EMIT_LOC_STRINGS = NO;
				SWIFT_VERSION = 5.0;
				TARGETED_DEVICE_FAMILY = "1,2";
				TEST_HOST = "$(BUILT_PRODUCTS_DIR)/RestaurantSearch.app/RestaurantSearch";
			};
			name = Release;
		};
		990D48B8287439A300ED407F /* Debug */ = {
			isa = XCBuildConfiguration;
			baseConfigurationReference = FE06FB24A28401606ED17002 /* Pods-RestaurantSearch-RestaurantSearchUITests.debug.xcconfig */;
			buildSettings = {
				ALWAYS_EMBED_SWIFT_STANDARD_LIBRARIES = YES;
				CODE_SIGN_STYLE = Automatic;
				CURRENT_PROJECT_VERSION = 1;
				DEVELOPMENT_TEAM = 4KX39VZ9JG;
				GENERATE_INFOPLIST_FILE = YES;
				MARKETING_VERSION = 1.0;
				PRODUCT_BUNDLE_IDENTIFIER = "Toshiki-Yanagimoto.RestaurantSearchUITests";
				PRODUCT_NAME = "$(TARGET_NAME)";
				SWIFT_EMIT_LOC_STRINGS = NO;
				SWIFT_VERSION = 5.0;
				TARGETED_DEVICE_FAMILY = "1,2";
				TEST_TARGET_NAME = RestaurantSearch;
			};
			name = Debug;
		};
		990D48B9287439A300ED407F /* Release */ = {
			isa = XCBuildConfiguration;
			baseConfigurationReference = D6E748F60EAC5FADD9660069 /* Pods-RestaurantSearch-RestaurantSearchUITests.release.xcconfig */;
			buildSettings = {
				ALWAYS_EMBED_SWIFT_STANDARD_LIBRARIES = YES;
				CODE_SIGN_STYLE = Automatic;
				CURRENT_PROJECT_VERSION = 1;
				DEVELOPMENT_TEAM = 4KX39VZ9JG;
				GENERATE_INFOPLIST_FILE = YES;
				MARKETING_VERSION = 1.0;
				PRODUCT_BUNDLE_IDENTIFIER = "Toshiki-Yanagimoto.RestaurantSearchUITests";
				PRODUCT_NAME = "$(TARGET_NAME)";
				SWIFT_EMIT_LOC_STRINGS = NO;
				SWIFT_VERSION = 5.0;
				TARGETED_DEVICE_FAMILY = "1,2";
				TEST_TARGET_NAME = RestaurantSearch;
			};
			name = Release;
		};
/* End XCBuildConfiguration section */

/* Begin XCConfigurationList section */
		990D4882287439A000ED407F /* Build configuration list for PBXProject "RestaurantSearch" */ = {
			isa = XCConfigurationList;
			buildConfigurations = (
				990D48AF287439A300ED407F /* Debug */,
				990D48B0287439A300ED407F /* Release */,
			);
			defaultConfigurationIsVisible = 0;
			defaultConfigurationName = Release;
		};
		990D48B1287439A300ED407F /* Build configuration list for PBXNativeTarget "RestaurantSearch" */ = {
			isa = XCConfigurationList;
			buildConfigurations = (
				990D48B2287439A300ED407F /* Debug */,
				990D48B3287439A300ED407F /* Release */,
			);
			defaultConfigurationIsVisible = 0;
			defaultConfigurationName = Release;
		};
		990D48B4287439A300ED407F /* Build configuration list for PBXNativeTarget "RestaurantSearchTests" */ = {
			isa = XCConfigurationList;
			buildConfigurations = (
				990D48B5287439A300ED407F /* Debug */,
				990D48B6287439A300ED407F /* Release */,
			);
			defaultConfigurationIsVisible = 0;
			defaultConfigurationName = Release;
		};
		990D48B7287439A300ED407F /* Build configuration list for PBXNativeTarget "RestaurantSearchUITests" */ = {
			isa = XCConfigurationList;
			buildConfigurations = (
				990D48B8287439A300ED407F /* Debug */,
				990D48B9287439A300ED407F /* Release */,
			);
			defaultConfigurationIsVisible = 0;
			defaultConfigurationName = Release;
		};
/* End XCConfigurationList section */
	};
	rootObject = 990D487F287439A000ED407F /* Project object */;
}
